{
  "name": "raylib-wasm",
  "version": "0.0.0",
  "lockfileVersion": 3,
  "requires": true,
  "packages": {
    "": {
      "name": "raylib-wasm",
      "version": "0.0.0",
      "license": "MIT",
      "devDependencies": {
        "binaryen": "^113.0.0"
      }
    },
    "node_modules/binaryen": {
      "version": "113.0.0",
      "resolved": "https://registry.npmjs.org/binaryen/-/binaryen-113.0.0.tgz",
      "integrity": "sha512-KJIIE7dzkFrPXYNkorEx9L1UQVGkpQfZw3HlrVXtol5SuzBY5AL1/zgg0gvuXJqdwJCe1xFiqqCaDrZd9OGgGQ==",
      "dev": true,
      "bin": {
        "wasm-opt": "bin/wasm-opt",
        "wasm2js": "bin/wasm2js"
      }
    }
  }
}
